
Microsoft Visual Studio Solution File, Format Version 12.00
# Visual Studio Version 16
VisualStudioVersion = 16.0.31321.278
MinimumVisualStudioVersion = 10.0.40219.1
Project("{FAE04EC0-301F-11D3-BF4B-00C04F79EFBC}") = "ServiceBus.Producer", "ServiceBus.Producer\ServiceBus.Producer.csproj", "{9EDAAC13-8585-49D4-88E2-C4050F5B3572}"
EndProject
Project("{FAE04EC0-301F-11D3-BF4B-00C04F79EFBC}") = "ServiceBus.Consumer", "ServiceBus.Consumer\ServiceBus.Consumer.csproj", "{C3067A46-A10F-4DBB-A887-D0CC206CF01F}"
EndProject
Project("{FAE04EC0-301F-11D3-BF4B-00C04F79EFBC}") = "ServiceBus.Contract", "ServiceBus.Contract\ServiceBus.Contract.csproj", "{678E69FE-970C-42DC-9B56-4663B096D2B1}"
EndProject
Project("{FAE04EC0-301F-11D3-BF4B-00C04F79EFBC}") = "ServiceBus.Console", "ServiceBus.Console\ServiceBus.Console.csproj", "{B29328AC-66F0-447E-8346-4C5F726FC69F}"
EndProject
Global
	GlobalSection(SolutionConfigurationPlatforms) = preSolution
		Debug|Any CPU = Debug|Any CPU
		Release|Any CPU = Release|Any CPU
	EndGlobalSection
	GlobalSection(ProjectConfigurationPlatforms) = postSolution
		{9EDAAC13-8585-49D4-88E2-C4050F5B3572}.Debug|Any CPU.ActiveCfg = Debug|Any CPU
		{9EDAAC13-8585-49D4-88E2-C4050F5B3572}.Debug|Any CPU.Build.0 = Debug|Any CPU
		{9EDAAC13-8585-49D4-88E2-C4050F5B3572}.Release|Any CPU.ActiveCfg = Release|Any CPU
		{9EDAAC13-8585-49D4-88E2-C4050F5B3572}.Release|Any CPU.Build.0 = Release|Any CPU
		{C3067A46-A10F-4DBB-A887-D0CC206CF01F}.Debug|Any CPU.ActiveCfg = Debug|Any CPU
		{C3067A46-A10F-4DBB-A887-D0CC206CF01F}.Debug|Any CPU.Build.0 = Debug|Any CPU
		{C3067A46-A10F-4DBB-A887-D0CC206CF01F}.Release|Any CPU.ActiveCfg = Release|Any CPU
		{C3067A46-A10F-4DBB-A887-D0CC206CF01F}.Release|Any CPU.Build.0 = Release|Any CPU
		{678E69FE-970C-42DC-9B56-4663B096D2B1}.Debug|Any CPU.ActiveCfg = Debug|Any CPU
		{678E69FE-970C-42DC-9B56-4663B096D2B1}.Debug|Any CPU.Build.0 = Debug|Any CPU
		{678E69FE-970C-42DC-9B56-4663B096D2B1}.Release|Any CPU.ActiveCfg = Release|Any CPU
		{678E69FE-970C-42DC-9B56-4663B096D2B1}.Release|Any CPU.Build.0 = Release|Any CPU
		{B29328AC-66F0-447E-8346-4C5F726FC69F}.Debug|Any CPU.ActiveCfg = Debug|Any CPU
		{B29328AC-66F0-447E-8346-4C5F726FC69F}.Debug|Any CPU.Build.0 = Debug|Any CPU
		{B29328AC-66F0-447E-8346-4C5F726FC69F}.Release|Any CPU.ActiveCfg = Release|Any CPU
		{B29328AC-66F0-447E-8346-4C5F726FC69F}.Release|Any CPU.Build.0 = Release|Any CPU
	EndGlobalSection
	GlobalSection(SolutionProperties) = preSolution
		HideSolutionNode = FALSE
	EndGlobalSection
	GlobalSection(ExtensibilityGlobals) = postSolution
		SolutionGuid = {7B97D66E-9BFF-4EFC-9459-9F7A92ADC55F}
	EndGlobalSection
EndGlobal
